
Microsoft Visual Studio Solution File, Format Version 12.00
# Visual Studio Version 17
VisualStudioVersion = 17.14.36518.9
MinimumVisualStudioVersion = 10.0.40219.1
Project("{2150E333-8FDC-42A3-9474-1A3956D46DE8}") = "Services", "Services", "{02EA681E-C7D8-13C7-8484-4AC65E1B71E8}"
EndProject
Project("{2150E333-8FDC-42A3-9474-1A3956D46DE8}") = "AuthService", "AuthService", "{7B0945F0-0BBD-447B-86E9-4DFEBCA15D50}"
EndProject
Project("{2150E333-8FDC-42A3-9474-1A3956D46DE8}") = "ProductService", "ProductService", "{FE46CCEE-4F95-4BD1-8F1E-1FB2DEFE05E6}"
EndProject
Project("{FAE04EC0-301F-11D3-BF4B-00C04F79EFBC}") = "Auth.API", "Auth.API\Auth.API.csproj", "{F64FD787-6CB7-478B-9E10-6968195DD20D}"
EndProject
Project("{FAE04EC0-301F-11D3-BF4B-00C04F79EFBC}") = "Auth.Application", "Auth.Application\Auth.Application.csproj", "{A829BF71-AE5C-4E6D-AD33-63FFF5D71EA7}"
EndProject
Project("{FAE04EC0-301F-11D3-BF4B-00C04F79EFBC}") = "Auth.Domain", "Auth.Domain\Auth.Domain.csproj", "{418B6BAA-2917-416D-BD6F-85D3C90E1C3A}"
EndProject
Project("{FAE04EC0-301F-11D3-BF4B-00C04F79EFBC}") = "Auth.Infrastructure", "Auth.Infrastructure\Auth.Infrastructure.csproj", "{00E36D72-FE59-49A0-9C08-9080CA8ADC7D}"
EndProject
Project("{FAE04EC0-301F-11D3-BF4B-00C04F79EFBC}") = "Product.API", "Product.API\Product.API.csproj", "{073D1CC9-A2AC-473E-9D24-1B7AA72C9457}"
EndProject
Project("{FAE04EC0-301F-11D3-BF4B-00C04F79EFBC}") = "Product.Application", "Product.Application\Product.Application.csproj", "{6976BAB2-D4FE-4752-9642-897373D6C8E6}"
EndProject
Project("{FAE04EC0-301F-11D3-BF4B-00C04F79EFBC}") = "Product.Domain", "Product.Domain\Product.Domain.csproj", "{3EE0A89D-0EED-4860-8C9B-111625B9E661}"
EndProject
Project("{FAE04EC0-301F-11D3-BF4B-00C04F79EFBC}") = "Product.Infrastructure", "Product.Infrastructure\Product.Infrastructure.csproj", "{02CEADE7-1BFF-4418-8B1F-E39858F79F76}"
EndProject
Project("{2150E333-8FDC-42A3-9474-1A3956D46DE8}") = "BuildingBlocks", "BuildingBlocks", "{23B72A5F-3CAE-4AF5-A893-0490E1DB401E}"
EndProject
Project("{FAE04EC0-301F-11D3-BF4B-00C04F79EFBC}") = "Common", "Common\Common.csproj", "{65A958EF-C725-4544-A024-1A5CCD3A2B04}"
EndProject
Project("{2150E333-8FDC-42A3-9474-1A3956D46DE8}") = "OrderService", "OrderService", "{5E7E3500-1BF4-42F4-B251-AE292850FF95}"
EndProject
Project("{FAE04EC0-301F-11D3-BF4B-00C04F79EFBC}") = "Order.API", "Order.API\Order.API.csproj", "{9D4E78C3-1788-468C-BC1E-373CA95CD72B}"
EndProject
Global
	GlobalSection(SolutionConfigurationPlatforms) = preSolution
		Debug|Any CPU = Debug|Any CPU
		Release|Any CPU = Release|Any CPU
	EndGlobalSection
	GlobalSection(ProjectConfigurationPlatforms) = postSolution
		{F64FD787-6CB7-478B-9E10-6968195DD20D}.Debug|Any CPU.ActiveCfg = Debug|Any CPU
		{F64FD787-6CB7-478B-9E10-6968195DD20D}.Debug|Any CPU.Build.0 = Debug|Any CPU
		{F64FD787-6CB7-478B-9E10-6968195DD20D}.Release|Any CPU.ActiveCfg = Release|Any CPU
		{F64FD787-6CB7-478B-9E10-6968195DD20D}.Release|Any CPU.Build.0 = Release|Any CPU
		{A829BF71-AE5C-4E6D-AD33-63FFF5D71EA7}.Debug|Any CPU.ActiveCfg = Debug|Any CPU
		{A829BF71-AE5C-4E6D-AD33-63FFF5D71EA7}.Debug|Any CPU.Build.0 = Debug|Any CPU
		{A829BF71-AE5C-4E6D-AD33-63FFF5D71EA7}.Release|Any CPU.ActiveCfg = Release|Any CPU
		{A829BF71-AE5C-4E6D-AD33-63FFF5D71EA7}.Release|Any CPU.Build.0 = Release|Any CPU
		{418B6BAA-2917-416D-BD6F-85D3C90E1C3A}.Debug|Any CPU.ActiveCfg = Debug|Any CPU
		{418B6BAA-2917-416D-BD6F-85D3C90E1C3A}.Debug|Any CPU.Build.0 = Debug|Any CPU
		{418B6BAA-2917-416D-BD6F-85D3C90E1C3A}.Release|Any CPU.ActiveCfg = Release|Any CPU
		{418B6BAA-2917-416D-BD6F-85D3C90E1C3A}.Release|Any CPU.Build.0 = Release|Any CPU
		{00E36D72-FE59-49A0-9C08-9080CA8ADC7D}.Debug|Any CPU.ActiveCfg = Debug|Any CPU
		{00E36D72-FE59-49A0-9C08-9080CA8ADC7D}.Debug|Any CPU.Build.0 = Debug|Any CPU
		{00E36D72-FE59-49A0-9C08-9080CA8ADC7D}.Release|Any CPU.ActiveCfg = Release|Any CPU
		{00E36D72-FE59-49A0-9C08-9080CA8ADC7D}.Release|Any CPU.Build.0 = Release|Any CPU
		{073D1CC9-A2AC-473E-9D24-1B7AA72C9457}.Debug|Any CPU.ActiveCfg = Debug|Any CPU
		{073D1CC9-A2AC-473E-9D24-1B7AA72C9457}.Debug|Any CPU.Build.0 = Debug|Any CPU
		{073D1CC9-A2AC-473E-9D24-1B7AA72C9457}.Release|Any CPU.ActiveCfg = Release|Any CPU
		{073D1CC9-A2AC-473E-9D24-1B7AA72C9457}.Release|Any CPU.Build.0 = Release|Any CPU
		{6976BAB2-D4FE-4752-9642-897373D6C8E6}.Debug|Any CPU.ActiveCfg = Debug|Any CPU
		{6976BAB2-D4FE-4752-9642-897373D6C8E6}.Debug|Any CPU.Build.0 = Debug|Any CPU
		{6976BAB2-D4FE-4752-9642-897373D6C8E6}.Release|Any CPU.ActiveCfg = Release|Any CPU
		{6976BAB2-D4FE-4752-9642-897373D6C8E6}.Release|Any CPU.Build.0 = Release|Any CPU
		{3EE0A89D-0EED-4860-8C9B-111625B9E661}.Debug|Any CPU.ActiveCfg = Debug|Any CPU
		{3EE0A89D-0EED-4860-8C9B-111625B9E661}.Debug|Any CPU.Build.0 = Debug|Any CPU
		{3EE0A89D-0EED-4860-8C9B-111625B9E661}.Release|Any CPU.ActiveCfg = Release|Any CPU
		{3EE0A89D-0EED-4860-8C9B-111625B9E661}.Release|Any CPU.Build.0 = Release|Any CPU
		{02CEADE7-1BFF-4418-8B1F-E39858F79F76}.Debug|Any CPU.ActiveCfg = Debug|Any CPU
		{02CEADE7-1BFF-4418-8B1F-E39858F79F76}.Debug|Any CPU.Build.0 = Debug|Any CPU
		{02CEADE7-1BFF-4418-8B1F-E39858F79F76}.Release|Any CPU.ActiveCfg = Release|Any CPU
		{02CEADE7-1BFF-4418-8B1F-E39858F79F76}.Release|Any CPU.Build.0 = Release|Any CPU
		{65A958EF-C725-4544-A024-1A5CCD3A2B04}.Debug|Any CPU.ActiveCfg = Debug|Any CPU
		{65A958EF-C725-4544-A024-1A5CCD3A2B04}.Debug|Any CPU.Build.0 = Debug|Any CPU
		{65A958EF-C725-4544-A024-1A5CCD3A2B04}.Release|Any CPU.ActiveCfg = Release|Any CPU
		{65A958EF-C725-4544-A024-1A5CCD3A2B04}.Release|Any CPU.Build.0 = Release|Any CPU
		{9D4E78C3-1788-468C-BC1E-373CA95CD72B}.Debug|Any CPU.ActiveCfg = Debug|Any CPU
		{9D4E78C3-1788-468C-BC1E-373CA95CD72B}.Debug|Any CPU.Build.0 = Debug|Any CPU
		{9D4E78C3-1788-468C-BC1E-373CA95CD72B}.Release|Any CPU.ActiveCfg = Release|Any CPU
		{9D4E78C3-1788-468C-BC1E-373CA95CD72B}.Release|Any CPU.Build.0 = Release|Any CPU
	EndGlobalSection
	GlobalSection(SolutionProperties) = preSolution
		HideSolutionNode = FALSE
	EndGlobalSection
	GlobalSection(NestedProjects) = preSolution
		{7B0945F0-0BBD-447B-86E9-4DFEBCA15D50} = {02EA681E-C7D8-13C7-8484-4AC65E1B71E8}
		{FE46CCEE-4F95-4BD1-8F1E-1FB2DEFE05E6} = {02EA681E-C7D8-13C7-8484-4AC65E1B71E8}
		{F64FD787-6CB7-478B-9E10-6968195DD20D} = {7B0945F0-0BBD-447B-86E9-4DFEBCA15D50}
		{A829BF71-AE5C-4E6D-AD33-63FFF5D71EA7} = {7B0945F0-0BBD-447B-86E9-4DFEBCA15D50}
		{418B6BAA-2917-416D-BD6F-85D3C90E1C3A} = {7B0945F0-0BBD-447B-86E9-4DFEBCA15D50}
		{00E36D72-FE59-49A0-9C08-9080CA8ADC7D} = {7B0945F0-0BBD-447B-86E9-4DFEBCA15D50}
		{073D1CC9-A2AC-473E-9D24-1B7AA72C9457} = {FE46CCEE-4F95-4BD1-8F1E-1FB2DEFE05E6}
		{6976BAB2-D4FE-4752-9642-897373D6C8E6} = {FE46CCEE-4F95-4BD1-8F1E-1FB2DEFE05E6}
		{3EE0A89D-0EED-4860-8C9B-111625B9E661} = {FE46CCEE-4F95-4BD1-8F1E-1FB2DEFE05E6}
		{02CEADE7-1BFF-4418-8B1F-E39858F79F76} = {FE46CCEE-4F95-4BD1-8F1E-1FB2DEFE05E6}
		{65A958EF-C725-4544-A024-1A5CCD3A2B04} = {23B72A5F-3CAE-4AF5-A893-0490E1DB401E}
		{5E7E3500-1BF4-42F4-B251-AE292850FF95} = {02EA681E-C7D8-13C7-8484-4AC65E1B71E8}
		{9D4E78C3-1788-468C-BC1E-373CA95CD72B} = {5E7E3500-1BF4-42F4-B251-AE292850FF95}
	EndGlobalSection
	GlobalSection(ExtensibilityGlobals) = postSolution
		SolutionGuid = {35457574-398E-460C-B600-9A9F762CE1E2}
	EndGlobalSection
EndGlobal
